
Microsoft Visual Studio Solution File, Format Version 12.00
# Visual Studio Version 17
VisualStudioVersion = 17.12.35527.113 d17.12
MinimumVisualStudioVersion = 10.0.40219.1
Project("{FAE04EC0-301F-11D3-BF4B-00C04F79EFBC}") = "ng-training-assignment -1", "ng-training-assignment -1.csproj", "{61DE4D00-63D3-4542-AD79-21AFA290DD3D}"
EndProject
Global
	GlobalSection(SolutionConfigurationPlatforms) = preSolution
		Debug|Any CPU = Debug|Any CPU
		Release|Any CPU = Release|Any CPU
	EndGlobalSection
	GlobalSection(ProjectConfigurationPlatforms) = postSolution
		{61DE4D00-63D3-4542-AD79-21AFA290DD3D}.Debug|Any CPU.ActiveCfg = Debug|Any CPU
		{61DE4D00-63D3-4542-AD79-21AFA290DD3D}.Debug|Any CPU.Build.0 = Debug|Any CPU
		{61DE4D00-63D3-4542-AD79-21AFA290DD3D}.Release|Any CPU.ActiveCfg = Release|Any CPU
		{61DE4D00-63D3-4542-AD79-21AFA290DD3D}.Release|Any CPU.Build.0 = Release|Any CPU
	EndGlobalSection
	GlobalSection(SolutionProperties) = preSolution
		HideSolutionNode = FALSE
	EndGlobalSection
EndGlobal
